
Microsoft Visual Studio Solution File, Format Version 12.00
# Visual Studio Version 16
VisualStudioVersion = 16.0.31911.196
MinimumVisualStudioVersion = 10.0.40219.1
Project("{8BC9CEB8-8B4A-11D0-8D11-00A0C91BC942}") = "App1", "App1\App1.vcxproj", "{1085B508-93DF-48EA-BDEA-E29F79724FD2}"
EndProject
Project("{FAE04EC0-301F-11D3-BF4B-00C04F79EFBC}") = "App2_CSharp", "App2_CSharp\App2_CSharp.csproj", "{27894894-30E4-4E15-98AD-E865BFB5BC60}"
EndProject
Project("{8BC9CEB8-8B4A-11D0-8D11-00A0C91BC942}") = "CPlusDLL", "CPlusDLL\CPlusDLL.vcxproj", "{490631EA-8A6A-444F-B70F-BDEEC5FF0847}"
EndProject
Project("{8BC9CEB8-8B4A-11D0-8D11-00A0C91BC942}") = "rt_CPlusToCSharp", "rt_CPlusToCSharp\rt_CPlusToCSharp.vcxproj", "{A3D05DF3-A68A-4E45-BB89-975136318861}"
	ProjectSection(ProjectDependencies) = postProject
		{490631EA-8A6A-444F-B70F-BDEEC5FF0847} = {490631EA-8A6A-444F-B70F-BDEEC5FF0847}
	EndProjectSection
EndProject
Global
	GlobalSection(SolutionConfigurationPlatforms) = preSolution
		Debug|ARM = Debug|ARM
		Debug|ARM64 = Debug|ARM64
		Debug|x64 = Debug|x64
		Debug|x86 = Debug|x86
		Release|ARM = Release|ARM
		Release|ARM64 = Release|ARM64
		Release|x64 = Release|x64
		Release|x86 = Release|x86
	EndGlobalSection
	GlobalSection(ProjectConfigurationPlatforms) = postSolution
		{1085B508-93DF-48EA-BDEA-E29F79724FD2}.Debug|ARM.ActiveCfg = Debug|ARM
		{1085B508-93DF-48EA-BDEA-E29F79724FD2}.Debug|ARM.Build.0 = Debug|ARM
		{1085B508-93DF-48EA-BDEA-E29F79724FD2}.Debug|ARM.Deploy.0 = Debug|ARM
		{1085B508-93DF-48EA-BDEA-E29F79724FD2}.Debug|ARM64.ActiveCfg = Debug|ARM64
		{1085B508-93DF-48EA-BDEA-E29F79724FD2}.Debug|ARM64.Build.0 = Debug|ARM64
		{1085B508-93DF-48EA-BDEA-E29F79724FD2}.Debug|ARM64.Deploy.0 = Debug|ARM64
		{1085B508-93DF-48EA-BDEA-E29F79724FD2}.Debug|x64.ActiveCfg = Debug|x64
		{1085B508-93DF-48EA-BDEA-E29F79724FD2}.Debug|x64.Build.0 = Debug|x64
		{1085B508-93DF-48EA-BDEA-E29F79724FD2}.Debug|x64.Deploy.0 = Debug|x64
		{1085B508-93DF-48EA-BDEA-E29F79724FD2}.Debug|x86.ActiveCfg = Debug|Win32
		{1085B508-93DF-48EA-BDEA-E29F79724FD2}.Debug|x86.Build.0 = Debug|Win32
		{1085B508-93DF-48EA-BDEA-E29F79724FD2}.Debug|x86.Deploy.0 = Debug|Win32
		{1085B508-93DF-48EA-BDEA-E29F79724FD2}.Release|ARM.ActiveCfg = Release|ARM
		{1085B508-93DF-48EA-BDEA-E29F79724FD2}.Release|ARM.Build.0 = Release|ARM
		{1085B508-93DF-48EA-BDEA-E29F79724FD2}.Release|ARM.Deploy.0 = Release|ARM
		{1085B508-93DF-48EA-BDEA-E29F79724FD2}.Release|ARM64.ActiveCfg = Release|ARM64
		{1085B508-93DF-48EA-BDEA-E29F79724FD2}.Release|ARM64.Build.0 = Release|ARM64
		{1085B508-93DF-48EA-BDEA-E29F79724FD2}.Release|ARM64.Deploy.0 = Release|ARM64
		{1085B508-93DF-48EA-BDEA-E29F79724FD2}.Release|x64.ActiveCfg = Release|x64
		{1085B508-93DF-48EA-BDEA-E29F79724FD2}.Release|x64.Build.0 = Release|x64
		{1085B508-93DF-48EA-BDEA-E29F79724FD2}.Release|x64.Deploy.0 = Release|x64
		{1085B508-93DF-48EA-BDEA-E29F79724FD2}.Release|x86.ActiveCfg = Release|Win32
		{1085B508-93DF-48EA-BDEA-E29F79724FD2}.Release|x86.Build.0 = Release|Win32
		{1085B508-93DF-48EA-BDEA-E29F79724FD2}.Release|x86.Deploy.0 = Release|Win32
		{27894894-30E4-4E15-98AD-E865BFB5BC60}.Debug|ARM.ActiveCfg = Debug|ARM
		{27894894-30E4-4E15-98AD-E865BFB5BC60}.Debug|ARM.Build.0 = Debug|ARM
		{27894894-30E4-4E15-98AD-E865BFB5BC60}.Debug|ARM.Deploy.0 = Debug|ARM
		{27894894-30E4-4E15-98AD-E865BFB5BC60}.Debug|ARM64.ActiveCfg = Debug|ARM64
		{27894894-30E4-4E15-98AD-E865BFB5BC60}.Debug|ARM64.Build.0 = Debug|ARM64
		{27894894-30E4-4E15-98AD-E865BFB5BC60}.Debug|ARM64.Deploy.0 = Debug|ARM64
		{27894894-30E4-4E15-98AD-E865BFB5BC60}.Debug|x64.ActiveCfg = Debug|x64
		{27894894-30E4-4E15-98AD-E865BFB5BC60}.Debug|x64.Build.0 = Debug|x64
		{27894894-30E4-4E15-98AD-E865BFB5BC60}.Debug|x64.Deploy.0 = Debug|x64
		{27894894-30E4-4E15-98AD-E865BFB5BC60}.Debug|x86.ActiveCfg = Debug|x86
		{27894894-30E4-4E15-98AD-E865BFB5BC60}.Debug|x86.Build.0 = Debug|x86
		{27894894-30E4-4E15-98AD-E865BFB5BC60}.Debug|x86.Deploy.0 = Debug|x86
		{27894894-30E4-4E15-98AD-E865BFB5BC60}.Release|ARM.ActiveCfg = Release|ARM
		{27894894-30E4-4E15-98AD-E865BFB5BC60}.Release|ARM.Build.0 = Release|ARM
		{27894894-30E4-4E15-98AD-E865BFB5BC60}.Release|ARM.Deploy.0 = Release|ARM
		{27894894-30E4-4E15-98AD-E865BFB5BC60}.Release|ARM64.ActiveCfg = Release|ARM64
		{27894894-30E4-4E15-98AD-E865BFB5BC60}.Release|ARM64.Build.0 = Release|ARM64
		{27894894-30E4-4E15-98AD-E865BFB5BC60}.Release|ARM64.Deploy.0 = Release|ARM64
		{27894894-30E4-4E15-98AD-E865BFB5BC60}.Release|x64.ActiveCfg = Release|x64
		{27894894-30E4-4E15-98AD-E865BFB5BC60}.Release|x64.Build.0 = Release|x64
		{27894894-30E4-4E15-98AD-E865BFB5BC60}.Release|x64.Deploy.0 = Release|x64
		{27894894-30E4-4E15-98AD-E865BFB5BC60}.Release|x86.ActiveCfg = Release|x86
		{27894894-30E4-4E15-98AD-E865BFB5BC60}.Release|x86.Build.0 = Release|x86
		{27894894-30E4-4E15-98AD-E865BFB5BC60}.Release|x86.Deploy.0 = Release|x86
		{490631EA-8A6A-444F-B70F-BDEEC5FF0847}.Debug|ARM.ActiveCfg = Debug|ARM
		{490631EA-8A6A-444F-B70F-BDEEC5FF0847}.Debug|ARM.Build.0 = Debug|ARM
		{490631EA-8A6A-444F-B70F-BDEEC5FF0847}.Debug|ARM64.ActiveCfg = Debug|Win32
		{490631EA-8A6A-444F-B70F-BDEEC5FF0847}.Debug|x64.ActiveCfg = Debug|x64
		{490631EA-8A6A-444F-B70F-BDEEC5FF0847}.Debug|x64.Build.0 = Debug|x64
		{490631EA-8A6A-444F-B70F-BDEEC5FF0847}.Debug|x86.ActiveCfg = Debug|ARM
		{490631EA-8A6A-444F-B70F-BDEEC5FF0847}.Debug|x86.Build.0 = Debug|ARM
		{490631EA-8A6A-444F-B70F-BDEEC5FF0847}.Release|ARM.ActiveCfg = Release|Win32
		{490631EA-8A6A-444F-B70F-BDEEC5FF0847}.Release|ARM64.ActiveCfg = Release|Win32
		{490631EA-8A6A-444F-B70F-BDEEC5FF0847}.Release|x64.ActiveCfg = Release|x64
		{490631EA-8A6A-444F-B70F-BDEEC5FF0847}.Release|x64.Build.0 = Release|x64
		{490631EA-8A6A-444F-B70F-BDEEC5FF0847}.Release|x86.ActiveCfg = Release|Win32
		{490631EA-8A6A-444F-B70F-BDEEC5FF0847}.Release|x86.Build.0 = Release|Win32
		{A3D05DF3-A68A-4E45-BB89-975136318861}.Debug|ARM.ActiveCfg = Debug|ARM
		{A3D05DF3-A68A-4E45-BB89-975136318861}.Debug|ARM.Build.0 = Debug|ARM
		{A3D05DF3-A68A-4E45-BB89-975136318861}.Debug|ARM64.ActiveCfg = Debug|ARM64
		{A3D05DF3-A68A-4E45-BB89-975136318861}.Debug|ARM64.Build.0 = Debug|ARM64
		{A3D05DF3-A68A-4E45-BB89-975136318861}.Debug|x64.ActiveCfg = Debug|x64
		{A3D05DF3-A68A-4E45-BB89-975136318861}.Debug|x64.Build.0 = Debug|x64
		{A3D05DF3-A68A-4E45-BB89-975136318861}.Debug|x86.ActiveCfg = Debug|Win32
		{A3D05DF3-A68A-4E45-BB89-975136318861}.Debug|x86.Build.0 = Debug|Win32
		{A3D05DF3-A68A-4E45-BB89-975136318861}.Release|ARM.ActiveCfg = Release|ARM
		{A3D05DF3-A68A-4E45-BB89-975136318861}.Release|ARM.Build.0 = Release|ARM
		{A3D05DF3-A68A-4E45-BB89-975136318861}.Release|ARM64.ActiveCfg = Release|ARM64
		{A3D05DF3-A68A-4E45-BB89-975136318861}.Release|ARM64.Build.0 = Release|ARM64
		{A3D05DF3-A68A-4E45-BB89-975136318861}.Release|x64.ActiveCfg = Release|x64
		{A3D05DF3-A68A-4E45-BB89-975136318861}.Release|x64.Build.0 = Release|x64
		{A3D05DF3-A68A-4E45-BB89-975136318861}.Release|x86.ActiveCfg = Release|Win32
		{A3D05DF3-A68A-4E45-BB89-975136318861}.Release|x86.Build.0 = Release|Win32
	EndGlobalSection
	GlobalSection(SolutionProperties) = preSolution
		HideSolutionNode = FALSE
	EndGlobalSection
	GlobalSection(ExtensibilityGlobals) = postSolution
		SolutionGuid = {A8A1DDA2-1AA0-4FAE-8A03-E634382F8109}
	EndGlobalSection
EndGlobal
